{
  "version": 1,
  "dependencies": {
    "net8.0": {
      "MinVer": {
        "type": "Direct",
        "requested": "[6.0.0, )",
        "resolved": "6.0.0",
        "contentHash": "+/SsmiySsXJlvQLCGBqaZKNVt3s/Y/HbAdwtop7Km2CnuZbaScoqkWJEBQ5Cy9ebkn6kCYKrHsXgwrFdTgcb3g=="
      },
      "NuGet.Protocol": {
        "type": "Direct",
        "requested": "[6.13.1, )",
        "resolved": "6.13.1",
        "contentHash": "do4DFom8As6Tf55UlcNa3o4VyuTJhBvK2WtdCSVs4Nlwpo4JeIM3aI6rzAAu4zp2X06lelhnMXBj3aowbizeqQ==",
        "dependencies": {
          "NuGet.Packaging": "6.13.1"
        }
      },
      "Otp.NET": {
        "type": "Direct",
        "requested": "[1.4.0, )",
        "resolved": "1.4.0",
        "contentHash": "Fk1NKc0lWmlo6LAFYpFJInRgFKt72knRNEvxndDYoQHFwYOPXav+WEUBvQA0k4lxq5xt0SymrZ+oi0F/G40bPQ=="
      },
      "Newtonsoft.Json": {
        "type": "Transitive",
        "resolved": "13.0.3",
        "contentHash": "HrC5BXdl00IP9zeV+0Z848QWPAoCr9P3bDEZguI+gkLcBKAOxix/tLEAAHC+UvDNPv4a2d18lOReHMOagPa+zQ=="
      },
      "NuGet.Common": {
        "type": "Transitive",
        "resolved": "6.13.1",
        "contentHash": "W3AdCslzmjRqTKAzcAf+EDhxkFjEwVdj5bkBkWlsqqgn9svLSno/JhTWxTEDggW/ju5fFoEpSDr9NyEnSw8sZw==",
        "dependencies": {
          "NuGet.Frameworks": "6.13.1",
          "System.Collections.Immutable": "8.0.0"
        }
      },
      "NuGet.Configuration": {
        "type": "Transitive",
        "resolved": "6.13.1",
        "contentHash": "jw6wvfdoA8IvZhhBx+yEe997nzfpF4uE6Zq4sQTwJ0jaukEKSYlM/AoUUsZIdYCw9MkYlpdo69qWRMf3WnSCQQ==",
        "dependencies": {
          "NuGet.Common": "6.13.1",
          "System.Security.Cryptography.ProtectedData": "4.4.0"
        }
      },
      "NuGet.Frameworks": {
        "type": "Transitive",
        "resolved": "6.13.1",
        "contentHash": "KvfijSQRsKFhuAuoZxs/zp3QlD92ZLhXTMzLfYAgu6Ir6gLtfpRgC16u3/rvfzbTvbVYgI90A0EAb3e99hnyEg=="
      },
      "NuGet.Packaging": {
        "type": "Transitive",
        "resolved": "6.13.1",
        "contentHash": "P6A2m6ong+KCaEaXYmMicsiJ4VPBBZUnUS7WdEkSonz6SH4KGMr4XcpEDYxg4yGXdY4b6Id0xOsYaCkX4Jaquw==",
        "dependencies": {
          "Newtonsoft.Json": "13.0.3",
          "NuGet.Configuration": "6.13.1",
          "NuGet.Versioning": "6.13.1",
          "System.Formats.Asn1": "8.0.1",
          "System.Security.Cryptography.Pkcs": "6.0.4"
        }
      },
      "NuGet.Versioning": {
        "type": "Transitive",
        "resolved": "6.13.1",
        "contentHash": "WE0icmymp5K1GrSgIWfePeu93eLYOrjNTTi5swZkCzq5f2/LL5qlgBOLE8dv+q0roLHsr/MhuT8IPmz2x58lEw=="
      },
      "System.Collections.Immutable": {
        "type": "Transitive",
        "resolved": "8.0.0",
        "contentHash": "AurL6Y5BA1WotzlEvVaIDpqzpIPvYnnldxru8oXJU2yFxFUy3+pNXjXd1ymO+RA0rq0+590Q8gaz2l3Sr7fmqg=="
      },
      "System.Formats.Asn1": {
        "type": "Transitive",
        "resolved": "8.0.1",
        "contentHash": "XqKba7Mm/koKSjKMfW82olQdmfbI5yqeoLV/tidRp7fbh5rmHAQ5raDI/7SU0swTzv+jgqtUGkzmFxuUg0it1A=="
      },
      "System.Security.Cryptography.Pkcs": {
        "type": "Transitive",
        "resolved": "6.0.4",
        "contentHash": "LGbXi1oUJ9QgCNGXRO9ndzBL/GZgANcsURpMhNR8uO+rca47SZmciS3RSQUvlQRwK3QHZSHNOXzoMUASKA+Anw==",
        "dependencies": {
          "System.Formats.Asn1": "6.0.0"
        }
      },
      "System.Security.Cryptography.ProtectedData": {
        "type": "Transitive",
        "resolved": "4.4.0",
        "contentHash": "cJV7ScGW7EhatRsjehfvvYVBvtiSMKgN8bOVI0bQhnF5bU7vnHVIsH49Kva7i7GWaWYvmEzkYVk1TC+gZYBEog=="
      }
    }
  }
}